// !$*UTF8*$!
{
	archiveVersion = 1;
	classes = {
	};
	objectVersion = 56;
	objects = {

/* Begin PBXBuildFile section */
		AC68DEB32C6F2A39007EB981 /* MotionAnimationView.swift in Sources */ = {isa = PBXBuildFile; fileRef = AC68DEB22C6F2A39007EB981 /* MotionAnimationView.swift */; };
		AC68DEB62C6F35D0007EB981 /* SettingsView.swift in Sources */ = {isa = PBXBuildFile; fileRef = AC68DEB52C6F35D0007EB981 /* SettingsView.swift */; };
		AC68DEB82C70D410007EB981 /* CustomListRowView.swift in Sources */ = {isa = PBXBuildFile; fileRef = AC68DEB72C70D410007EB981 /* CustomListRowView.swift */; };
		ACC0D52B2C62375600B89350 /* HikeApp.swift in Sources */ = {isa = PBXBuildFile; fileRef = ACC0D52A2C62375600B89350 /* HikeApp.swift */; };
		ACC0D52D2C62375600B89350 /* ContentView.swift in Sources */ = {isa = PBXBuildFile; fileRef = ACC0D52C2C62375600B89350 /* ContentView.swift */; };
		ACC0D52F2C62375900B89350 /* Assets.xcassets in Resources */ = {isa = PBXBuildFile; fileRef = ACC0D52E2C62375900B89350 /* Assets.xcassets */; };
		ACC0D5322C62375900B89350 /* Preview Assets.xcassets in Resources */ = {isa = PBXBuildFile; fileRef = ACC0D5312C62375900B89350 /* Preview Assets.xcassets */; };
		ACC0D5392C6238F300B89350 /* CardView.swift in Sources */ = {isa = PBXBuildFile; fileRef = ACC0D5382C6238F300B89350 /* CardView.swift */; };
		ACC0D53C2C62399100B89350 /* CustomBackgroundView.swift in Sources */ = {isa = PBXBuildFile; fileRef = ACC0D53B2C62399100B89350 /* CustomBackgroundView.swift */; };
		ACC0D53F2C623AD800B89350 /* ColorExtension.swift in Sources */ = {isa = PBXBuildFile; fileRef = ACC0D53E2C623AD800B89350 /* ColorExtension.swift */; };
		ACC0D5412C63940200B89350 /* CustomButtonView.swift in Sources */ = {isa = PBXBuildFile; fileRef = ACC0D5402C63940200B89350 /* CustomButtonView.swift */; };
		ACC0D5432C649B8B00B89350 /* GradientButtonStyle.swift in Sources */ = {isa = PBXBuildFile; fileRef = ACC0D5422C649B8B00B89350 /* GradientButtonStyle.swift */; };
		ACC0D5702C6A4E4100B89350 /* CustomCircleView.swift in Sources */ = {isa = PBXBuildFile; fileRef = ACC0D56F2C6A4E4100B89350 /* CustomCircleView.swift */; };
/* End PBXBuildFile section */

/* Begin PBXFileReference section */
		AC68DEB22C6F2A39007EB981 /* MotionAnimationView.swift */ = {isa = PBXFileReference; lastKnownFileType = sourcecode.swift; path = MotionAnimationView.swift; sourceTree = "<group>"; };
		AC68DEB52C6F35D0007EB981 /* SettingsView.swift */ = {isa = PBXFileReference; lastKnownFileType = sourcecode.swift; path = SettingsView.swift; sourceTree = "<group>"; };
		AC68DEB72C70D410007EB981 /* CustomListRowView.swift */ = {isa = PBXFileReference; lastKnownFileType = sourcecode.swift; path = CustomListRowView.swift; sourceTree = "<group>"; };
		ACC0D5272C62375600B89350 /* Hike.app */ = {isa = PBXFileReference; explicitFileType = wrapper.application; includeInIndex = 0; path = Hike.app; sourceTree = BUILT_PRODUCTS_DIR; };
		ACC0D52A2C62375600B89350 /* HikeApp.swift */ = {isa = PBXFileReference; lastKnownFileType = sourcecode.swift; path = HikeApp.swift; sourceTree = "<group>"; };
		ACC0D52C2C62375600B89350 /* ContentView.swift */ = {isa = PBXFileReference; lastKnownFileType = sourcecode.swift; path = ContentView.swift; sourceTree = "<group>"; };
		ACC0D52E2C62375900B89350 /* Assets.xcassets */ = {isa = PBXFileReference; lastKnownFileType = folder.assetcatalog; path = Assets.xcassets; sourceTree = "<group>"; };
		ACC0D5312C62375900B89350 /* Preview Assets.xcassets */ = {isa = PBXFileReference; lastKnownFileType = folder.assetcatalog; path = "Preview Assets.xcassets"; sourceTree = "<group>"; };
		ACC0D5382C6238F300B89350 /* CardView.swift */ = {isa = PBXFileReference; lastKnownFileType = sourcecode.swift; path = CardView.swift; sourceTree = "<group>"; };
		ACC0D53B2C62399100B89350 /* CustomBackgroundView.swift */ = {isa = PBXFileReference; lastKnownFileType = sourcecode.swift; path = CustomBackgroundView.swift; sourceTree = "<group>"; };
		ACC0D53E2C623AD800B89350 /* ColorExtension.swift */ = {isa = PBXFileReference; lastKnownFileType = sourcecode.swift; path = ColorExtension.swift; sourceTree = "<group>"; };
		ACC0D5402C63940200B89350 /* CustomButtonView.swift */ = {isa = PBXFileReference; lastKnownFileType = sourcecode.swift; path = CustomButtonView.swift; sourceTree = "<group>"; };
		ACC0D5422C649B8B00B89350 /* GradientButtonStyle.swift */ = {isa = PBXFileReference; lastKnownFileType = sourcecode.swift; path = GradientButtonStyle.swift; sourceTree = "<group>"; };
		ACC0D56F2C6A4E4100B89350 /* CustomCircleView.swift */ = {isa = PBXFileReference; lastKnownFileType = sourcecode.swift; path = CustomCircleView.swift; sourceTree = "<group>"; };
/* End PBXFileReference section */

/* Begin PBXFrameworksBuildPhase section */
		ACC0D5242C62375600B89350 /* Frameworks */ = {
			isa = PBXFrameworksBuildPhase;
			buildActionMask = 2147483647;
			files = (
			);
			runOnlyForDeploymentPostprocessing = 0;
		};
/* End PBXFrameworksBuildPhase section */

/* Begin PBXGroup section */
		AC68DEB42C6F35B6007EB981 /* Screens */ = {
			isa = PBXGroup;
			children = (
				ACC0D5382C6238F300B89350 /* CardView.swift */,
				AC68DEB52C6F35D0007EB981 /* SettingsView.swift */,
			);
			path = Screens;
			sourceTree = "<group>";
		};
		ACC0D51E2C62375600B89350 = {
			isa = PBXGroup;
			children = (
				ACC0D5292C62375600B89350 /* Hike */,
				ACC0D5282C62375600B89350 /* Products */,
			);
			sourceTree = "<group>";
		};
		ACC0D5282C62375600B89350 /* Products */ = {
			isa = PBXGroup;
			children = (
				ACC0D5272C62375600B89350 /* Hike.app */,
			);
			name = Products;
			sourceTree = "<group>";
		};
		ACC0D5292C62375600B89350 /* Hike */ = {
			isa = PBXGroup;
			children = (
				ACC0D53D2C623AB900B89350 /* Utility */,
				ACC0D53A2C62397400B89350 /* Components */,
				ACC0D52A2C62375600B89350 /* HikeApp.swift */,
				ACC0D52C2C62375600B89350 /* ContentView.swift */,
				ACC0D52E2C62375900B89350 /* Assets.xcassets */,
				ACC0D5302C62375900B89350 /* Preview Content */,
				AC68DEB42C6F35B6007EB981 /* Screens */,
			);
			path = Hike;
			sourceTree = "<group>";
		};
		ACC0D5302C62375900B89350 /* Preview Content */ = {
			isa = PBXGroup;
			children = (
				ACC0D5312C62375900B89350 /* Preview Assets.xcassets */,
			);
			path = "Preview Content";
			sourceTree = "<group>";
		};
		ACC0D53A2C62397400B89350 /* Components */ = {
			isa = PBXGroup;
			children = (
				ACC0D53B2C62399100B89350 /* CustomBackgroundView.swift */,
				ACC0D5402C63940200B89350 /* CustomButtonView.swift */,
				ACC0D56F2C6A4E4100B89350 /* CustomCircleView.swift */,
				AC68DEB22C6F2A39007EB981 /* MotionAnimationView.swift */,
				AC68DEB72C70D410007EB981 /* CustomListRowView.swift */,
			);
			path = Components;
			sourceTree = "<group>";
		};
		ACC0D53D2C623AB900B89350 /* Utility */ = {
			isa = PBXGroup;
			children = (
				ACC0D53E2C623AD800B89350 /* ColorExtension.swift */,
				ACC0D5422C649B8B00B89350 /* GradientButtonStyle.swift */,
			);
			path = Utility;
			sourceTree = "<group>";
		};
/* End PBXGroup section */

/* Begin PBXNativeTarget section */
		ACC0D5262C62375600B89350 /* Hike */ = {
			isa = PBXNativeTarget;
			buildConfigurationList = ACC0D5352C62375900B89350 /* Build configuration list for PBXNativeTarget "Hike" */;
			buildPhases = (
				ACC0D5232C62375600B89350 /* Sources */,
				ACC0D5242C62375600B89350 /* Frameworks */,
				ACC0D5252C62375600B89350 /* Resources */,
			);
			buildRules = (
			);
			dependencies = (
			);
			name = Hike;
			productName = Hike;
			productReference = ACC0D5272C62375600B89350 /* Hike.app */;
			productType = "com.apple.product-type.application";
		};
/* End PBXNativeTarget section */

/* Begin PBXProject section */
		ACC0D51F2C62375600B89350 /* Project object */ = {
			isa = PBXProject;
			attributes = {
				BuildIndependentTargetsInParallel = 1;
				LastSwiftUpdateCheck = 1510;
				LastUpgradeCheck = 1510;
				TargetAttributes = {
					ACC0D5262C62375600B89350 = {
						CreatedOnToolsVersion = 15.1;
					};
				};
			};
			buildConfigurationList = ACC0D5222C62375600B89350 /* Build configuration list for PBXProject "Hike" */;
			compatibilityVersion = "Xcode 14.0";
			developmentRegion = en;
			hasScannedForEncodings = 0;
			knownRegions = (
				en,
				Base,
			);
			mainGroup = ACC0D51E2C62375600B89350;
			productRefGroup = ACC0D5282C62375600B89350 /* Products */;
			projectDirPath = "";
			projectRoot = "";
			targets = (
				ACC0D5262C62375600B89350 /* Hike */,
			);
		};
/* End PBXProject section */

/* Begin PBXResourcesBuildPhase section */
		ACC0D5252C62375600B89350 /* Resources */ = {
			isa = PBXResourcesBuildPhase;
			buildActionMask = 2147483647;
			files = (
				ACC0D5322C62375900B89350 /* Preview Assets.xcassets in Resources */,
				ACC0D52F2C62375900B89350 /* Assets.xcassets in Resources */,
			);
			runOnlyForDeploymentPostprocessing = 0;
		};
/* End PBXResourcesBuildPhase section */

/* Begin PBXSourcesBuildPhase section */
		ACC0D5232C62375600B89350 /* Sources */ = {
			isa = PBXSourcesBuildPhase;
			buildActionMask = 2147483647;
			files = (
				ACC0D52D2C62375600B89350 /* ContentView.swift in Sources */,
				ACC0D5702C6A4E4100B89350 /* CustomCircleView.swift in Sources */,
				AC68DEB82C70D410007EB981 /* CustomListRowView.swift in Sources */,
				ACC0D5392C6238F300B89350 /* CardView.swift in Sources */,
				ACC0D52B2C62375600B89350 /* HikeApp.swift in Sources */,
				ACC0D5412C63940200B89350 /* CustomButtonView.swift in Sources */,
				AC68DEB62C6F35D0007EB981 /* SettingsView.swift in Sources */,
				ACC0D5432C649B8B00B89350 /* GradientButtonStyle.swift in Sources */,
				AC68DEB32C6F2A39007EB981 /* MotionAnimationView.swift in Sources */,
				ACC0D53C2C62399100B89350 /* CustomBackgroundView.swift in Sources */,
				ACC0D53F2C623AD800B89350 /* ColorExtension.swift in Sources */,
			);
			runOnlyForDeploymentPostprocessing = 0;
		};
/* End PBXSourcesBuildPhase section */

/* Begin XCBuildConfiguration section */
		ACC0D5332C62375900B89350 /* Debug */ = {
			isa = XCBuildConfiguration;
			buildSettings = {
				ALWAYS_SEARCH_USER_PATHS = NO;
				ASSETCATALOG_COMPILER_GENERATE_SWIFT_ASSET_SYMBOL_EXTENSIONS = YES;
				CLANG_ANALYZER_NONNULL = YES;
				CLANG_ANALYZER_NUMBER_OBJECT_CONVERSION = YES_AGGRESSIVE;
				CLANG_CXX_LANGUAGE_STANDARD = "gnu++20";
				CLANG_ENABLE_MODULES = YES;
				CLANG_ENABLE_OBJC_ARC = YES;
				CLANG_ENABLE_OBJC_WEAK = YES;
				CLANG_WARN_BLOCK_CAPTURE_AUTORELEASING = YES;
				CLANG_WARN_BOOL_CONVERSION = YES;
				CLANG_WARN_COMMA = YES;
				CLANG_WARN_CONSTANT_CONVERSION = YES;
				CLANG_WARN_DEPRECATED_OBJC_IMPLEMENTATIONS = YES;
				CLANG_WARN_DIRECT_OBJC_ISA_USAGE = YES_ERROR;
				CLANG_WARN_DOCUMENTATION_COMMENTS = YES;
				CLANG_WARN_EMPTY_BODY = YES;
				CLANG_WARN_ENUM_CONVERSION = YES;
				CLANG_WARN_INFINITE_RECURSION = YES;
				CLANG_WARN_INT_CONVERSION = YES;
				CLANG_WARN_NON_LITERAL_NULL_CONVERSION = YES;
				CLANG_WARN_OBJC_IMPLICIT_RETAIN_SELF = YES;
				CLANG_WARN_OBJC_LITERAL_CONVERSION = YES;
				CLANG_WARN_OBJC_ROOT_CLASS = YES_ERROR;
				CLANG_WARN_QUOTED_INCLUDE_IN_FRAMEWORK_HEADER = YES;
				CLANG_WARN_RANGE_LOOP_ANALYSIS = YES;
				CLANG_WARN_STRICT_PROTOTYPES = YES;
				CLANG_WARN_SUSPICIOUS_MOVE = YES;
				CLANG_WARN_UNGUARDED_AVAILABILITY = YES_AGGRESSIVE;
				CLANG_WARN_UNREACHABLE_CODE = YES;
				CLANG_WARN__DUPLICATE_METHOD_MATCH = YES;
				COPY_PHASE_STRIP = NO;
				DEBUG_INFORMATION_FORMAT = dwarf;
				ENABLE_STRICT_OBJC_MSGSEND = YES;
				ENABLE_TESTABILITY = YES;
				ENABLE_USER_SCRIPT_SANDBOXING = YES;
				GCC_C_LANGUAGE_STANDARD = gnu17;
				GCC_DYNAMIC_NO_PIC = NO;
				GCC_NO_COMMON_BLOCKS = YES;
				GCC_OPTIMIZATION_LEVEL = 0;
				GCC_PREPROCESSOR_DEFINITIONS = (
					"DEBUG=1",
					"$(inherited)",
				);
				GCC_WARN_64_TO_32_BIT_CONVERSION = YES;
				GCC_WARN_ABOUT_RETURN_TYPE = YES_ERROR;
				GCC_WARN_UNDECLARED_SELECTOR = YES;
				GCC_WARN_UNINITIALIZED_AUTOS = YES_AGGRESSIVE;
				GCC_WARN_UNUSED_FUNCTION = YES;
				GCC_WARN_UNUSED_VARIABLE = YES;
				IPHONEOS_DEPLOYMENT_TARGET = 17.2;
				LOCALIZATION_PREFERS_STRING_CATALOGS = YES;
				MTL_ENABLE_DEBUG_INFO = INCLUDE_SOURCE;
				MTL_FAST_MATH = YES;
				ONLY_ACTIVE_ARCH = YES;
				SDKROOT = iphoneos;
				SWIFT_ACTIVE_COMPILATION_CONDITIONS = "DEBUG $(inherited)";
				SWIFT_OPTIMIZATION_LEVEL = "-Onone";
			};
			name = Debug;
		};
		ACC0D5342C62375900B89350 /* Release */ = {
			isa = XCBuildConfiguration;
			buildSettings = {
				ALWAYS_SEARCH_USER_PATHS = NO;
				ASSETCATALOG_COMPILER_GENERATE_SWIFT_ASSET_SYMBOL_EXTENSIONS = YES;
				CLANG_ANALYZER_NONNULL = YES;
				CLANG_ANALYZER_NUMBER_OBJECT_CONVERSION = YES_AGGRESSIVE;
				CLANG_CXX_LANGUAGE_STANDARD = "gnu++20";
				CLANG_ENABLE_MODULES = YES;
				CLANG_ENABLE_OBJC_ARC = YES;
				CLANG_ENABLE_OBJC_WEAK = YES;
				CLANG_WARN_BLOCK_CAPTURE_AUTORELEASING = YES;
				CLANG_WARN_BOOL_CONVERSION = YES;
				CLANG_WARN_COMMA = YES;
				CLANG_WARN_CONSTANT_CONVERSION = YES;
				CLANG_WARN_DEPRECATED_OBJC_IMPLEMENTATIONS = YES;
				CLANG_WARN_DIRECT_OBJC_ISA_USAGE = YES_ERROR;
				CLANG_WARN_DOCUMENTATION_COMMENTS = YES;
				CLANG_WARN_EMPTY_BODY = YES;
				CLANG_WARN_ENUM_CONVERSION = YES;
				CLANG_WARN_INFINITE_RECURSION = YES;
				CLANG_WARN_INT_CONVERSION = YES;
				CLANG_WARN_NON_LITERAL_NULL_CONVERSION = YES;
				CLANG_WARN_OBJC_IMPLICIT_RETAIN_SELF = YES;
				CLANG_WARN_OBJC_LITERAL_CONVERSION = YES;
				CLANG_WARN_OBJC_ROOT_CLASS = YES_ERROR;
				CLANG_WARN_QUOTED_INCLUDE_IN_FRAMEWORK_HEADER = YES;
				CLANG_WARN_RANGE_LOOP_ANALYSIS = YES;
				CLANG_WARN_STRICT_PROTOTYPES = YES;
				CLANG_WARN_SUSPICIOUS_MOVE = YES;
				CLANG_WARN_UNGUARDED_AVAILABILITY = YES_AGGRESSIVE;
				CLANG_WARN_UNREACHABLE_CODE = YES;
				CLANG_WARN__DUPLICATE_METHOD_MATCH = YES;
				COPY_PHASE_STRIP = NO;
				DEBUG_INFORMATION_FORMAT = "dwarf-with-dsym";
				ENABLE_NS_ASSERTIONS = NO;
				ENABLE_STRICT_OBJC_MSGSEND = YES;
				ENABLE_USER_SCRIPT_SANDBOXING = YES;
				GCC_C_LANGUAGE_STANDARD = gnu17;
				GCC_NO_COMMON_BLOCKS = YES;
				GCC_WARN_64_TO_32_BIT_CONVERSION = YES;
				GCC_WARN_ABOUT_RETURN_TYPE = YES_ERROR;
				GCC_WARN_UNDECLARED_SELECTOR = YES;
				GCC_WARN_UNINITIALIZED_AUTOS = YES_AGGRESSIVE;
				GCC_WARN_UNUSED_FUNCTION = YES;
				GCC_WARN_UNUSED_VARIABLE = YES;
				IPHONEOS_DEPLOYMENT_TARGET = 17.2;
				LOCALIZATION_PREFERS_STRING_CATALOGS = YES;
				MTL_ENABLE_DEBUG_INFO = NO;
				MTL_FAST_MATH = YES;
				SDKROOT = iphoneos;
				SWIFT_COMPILATION_MODE = wholemodule;
				VALIDATE_PRODUCT = YES;
			};
			name = Release;
		};
		ACC0D5362C62375900B89350 /* Debug */ = {
			isa = XCBuildConfiguration;
			buildSettings = {
				ASSETCATALOG_COMPILER_ALTERNATE_APPICON_NAMES = "AppIcon-Mushroom AppIcon-Map AppIcon-MagnifyingGlass AppIcon-Campfire AppIcon-Camera AppIcon-Backpack";
				ASSETCATALOG_COMPILER_APPICON_NAME = AppIcon;
				ASSETCATALOG_COMPILER_GLOBAL_ACCENT_COLOR_NAME = AccentColor;
				ASSETCATALOG_COMPILER_INCLUDE_ALL_APPICON_ASSETS = YES;
				CODE_SIGN_STYLE = Automatic;
				CURRENT_PROJECT_VERSION = 1;
				DEVELOPMENT_ASSET_PATHS = "\"Hike/Preview Content\"";
				DEVELOPMENT_TEAM = F96FM838HF;
				ENABLE_PREVIEWS = YES;
				GENERATE_INFOPLIST_FILE = YES;
				INFOPLIST_KEY_UIApplicationSceneManifest_Generation = YES;
				INFOPLIST_KEY_UIApplicationSupportsIndirectInputEvents = YES;
				INFOPLIST_KEY_UILaunchScreen_Generation = YES;
				INFOPLIST_KEY_UISupportedInterfaceOrientations_iPad = "UIInterfaceOrientationPortrait UIInterfaceOrientationPortraitUpsideDown UIInterfaceOrientationLandscapeLeft UIInterfaceOrientationLandscapeRight";
				INFOPLIST_KEY_UISupportedInterfaceOrientations_iPhone = "UIInterfaceOrientationPortrait UIInterfaceOrientationLandscapeLeft UIInterfaceOrientationLandscapeRight";
				LD_RUNPATH_SEARCH_PATHS = (
					"$(inherited)",
					"@executable_path/Frameworks",
				);
				MARKETING_VERSION = 1.0;
				PRODUCT_BUNDLE_IDENTIFIER = com.swiftUI.Hike;
				PRODUCT_NAME = "$(TARGET_NAME)";
				SWIFT_EMIT_LOC_STRINGS = YES;
				SWIFT_VERSION = 5.0;
				TARGETED_DEVICE_FAMILY = "1,2";
			};
			name = Debug;
		};
		ACC0D5372C62375900B89350 /* Release */ = {
			isa = XCBuildConfiguration;
			buildSettings = {
				ASSETCATALOG_COMPILER_ALTERNATE_APPICON_NAMES = "AppIcon-Mushroom AppIcon-Map AppIcon-MagnifyingGlass AppIcon-Campfire AppIcon-Camera AppIcon-Backpack";
				ASSETCATALOG_COMPILER_APPICON_NAME = AppIcon;
				ASSETCATALOG_COMPILER_GLOBAL_ACCENT_COLOR_NAME = AccentColor;
				ASSETCATALOG_COMPILER_INCLUDE_ALL_APPICON_ASSETS = YES;
				CODE_SIGN_STYLE = Automatic;
				CURRENT_PROJECT_VERSION = 1;
				DEVELOPMENT_ASSET_PATHS = "\"Hike/Preview Content\"";
				DEVELOPMENT_TEAM = F96FM838HF;
				ENABLE_PREVIEWS = YES;
				GENERATE_INFOPLIST_FILE = YES;
				INFOPLIST_KEY_UIApplicationSceneManifest_Generation = YES;
				INFOPLIST_KEY_UIApplicationSupportsIndirectInputEvents = YES;
				INFOPLIST_KEY_UILaunchScreen_Generation = YES;
				INFOPLIST_KEY_UISupportedInterfaceOrientations_iPad = "UIInterfaceOrientationPortrait UIInterfaceOrientationPortraitUpsideDown UIInterfaceOrientationLandscapeLeft UIInterfaceOrientationLandscapeRight";
				INFOPLIST_KEY_UISupportedInterfaceOrientations_iPhone = "UIInterfaceOrientationPortrait UIInterfaceOrientationLandscapeLeft UIInterfaceOrientationLandscapeRight";
				LD_RUNPATH_SEARCH_PATHS = (
					"$(inherited)",
					"@executable_path/Frameworks",
				);
				MARKETING_VERSION = 1.0;
				PRODUCT_BUNDLE_IDENTIFIER = com.swiftUI.Hike;
				PRODUCT_NAME = "$(TARGET_NAME)";
				SWIFT_EMIT_LOC_STRINGS = YES;
				SWIFT_VERSION = 5.0;
				TARGETED_DEVICE_FAMILY = "1,2";
			};
			name = Release;
		};
/* End XCBuildConfiguration section */

/* Begin XCConfigurationList section */
		ACC0D5222C62375600B89350 /* Build configuration list for PBXProject "Hike" */ = {
			isa = XCConfigurationList;
			buildConfigurations = (
				ACC0D5332C62375900B89350 /* Debug */,
				ACC0D5342C62375900B89350 /* Release */,
			);
			defaultConfigurationIsVisible = 0;
			defaultConfigurationName = Release;
		};
		ACC0D5352C62375900B89350 /* Build configuration list for PBXNativeTarget "Hike" */ = {
			isa = XCConfigurationList;
			buildConfigurations = (
				ACC0D5362C62375900B89350 /* Debug */,
				ACC0D5372C62375900B89350 /* Release */,
			);
			defaultConfigurationIsVisible = 0;
			defaultConfigurationName = Release;
		};
/* End XCConfigurationList section */
	};
	rootObject = ACC0D51F2C62375600B89350 /* Project object */;
}
